version = 1
revision = 3
requires-python = ">=3.12"

[[package]]
name = "ai-tells-time"
version = "0.1.0"
source = { editable = "." }
dependencies = [
    { name = "obsws-python" },
    { name = "python-dotenv" },
]

[package.metadata]
requires-dist = [
    { name = "obsws-python", specifier = ">=1.8.0" },
    { name = "python-dotenv", specifier = ">=1.0.0" },
]

[[package]]
name = "obsws-python"
version = "1.8.0"
source = { registry = "https://pypi.org/simple" }
dependencies = [
    { name = "websocket-client" },
]
sdist = { url = "https://files.pythonhosted.org/packages/d6/2f/624af34a5b0f09fbf858bf6743521a8626d712671ac49573e625ad1c97d3/obsws_python-1.8.0.tar.gz", hash = "sha256:e082894f80deb0836861fdc3c222e497308c8f66328da6075baba5b456a20971", size = 28727, upload-time = "2025-07-01T08:24:11.652Z" }
wheels = [
    { url = "https://files.pythonhosted.org/packages/97/4b/537f3d372f065b2aeeac3812228066eb70f47436adf88aaacc94eb5fd4e1/obsws_python-1.8.0-py3-none-any.whl", hash = "sha256:537bde416e149b6f59e0b2f31761d4a40329feafec171bde6fc1346ab8516e28", size = 30819, upload-time = "2025-07-01T08:24:10.086Z" },
]

[[package]]
name = "python-dotenv"
version = "1.2.2"
source = { registry = "https://pypi.org/simple" }
sdist = { url = "https://files.pythonhosted.org/packages/82/ed/0301aeeac3e5353ef3d94b6ec08bbcabd04a72018415dcb29e588514bba8/python_dotenv-1.2.2.tar.gz", hash = "sha256:2c371a91fbd7ba082c2c1dc1f8bf89ca22564a087c2c287cd9b662adde799cf3", size = 50135, upload-time = "2026-03-01T16:00:26.196Z" }
wheels = [
    { url = "https://files.pythonhosted.org/packages/0b/d7/1959b9648791274998a9c3526f6d0ec8fd2233e4d4acce81bbae76b44b2a/python_dotenv-1.2.2-py3-none-any.whl", hash = "sha256:1d8214789a24de455a8b8bd8ae6fe3c6b69a5e3d64aa8a8e5d68e694bbcb285a", size = 22101, upload-time = "2026-03-01T16:00:25.09Z" },
]

[[package]]
name = "websocket-client"
version = "1.9.0"
source = { registry = "https://pypi.org/simple" }
sdist = { url = "https://files.pythonhosted.org/packages/2c/41/aa4bf9664e4cda14c3b39865b12251e8e7d239f4cd0e3cc1b6c2ccde25c1/websocket_client-1.9.0.tar.gz", hash = "sha256:9e813624b6eb619999a97dc7958469217c3176312b3a16a4bd1bc7e08a46ec98", size = 70576, upload-time = "2025-10-07T21:16:36.495Z" }
wheels = [
    { url = "https://files.pythonhosted.org/packages/34/db/b10e48aa8fff7407e67470363eac595018441cf32d5e1001567a7aeba5d2/websocket_client-1.9.0-py3-none-any.whl", hash = "sha256:af248a825037ef591efbf6ed20cc5faa03d3b47b9e5a2230a529eeee1c1fc3ef", size = 82616, upload-time = "2025-10-07T21:16:34.951Z" },
]
